
Microsoft Visual Studio Solution File, Format Version 12.00
# Visual Studio 15
VisualStudioVersion = 15.0.28010.0
MinimumVisualStudioVersion = 10.0.40219.1
Project("{FAE04EC0-301F-11D3-BF4B-00C04F79EFBC}") = "TempConverter.Business", "TempConverter.Business\TempConverter.Business.csproj", "{96522824-4B04-4046-A7D6-AE2CC56DF806}"
EndProject
Project("{FAE04EC0-301F-11D3-BF4B-00C04F79EFBC}") = "TempConverter.WS", "TempConverter.WS\TempConverter.WS.csproj", "{08E32AA8-B59F-4D75-AA7A-8223FD9CBE03}"
EndProject
Project("{FAE04EC0-301F-11D3-BF4B-00C04F79EFBC}") = "TempConverter.Web", "TempConverter.Web\TempConverter.Web.csproj", "{4BF466AB-1DC4-4F5A-BA91-707B01C0F9F4}"
EndProject
Global
	GlobalSection(SolutionConfigurationPlatforms) = preSolution
		Debug|Any CPU = Debug|Any CPU
		Release|Any CPU = Release|Any CPU
	EndGlobalSection
	GlobalSection(ProjectConfigurationPlatforms) = postSolution
		{96522824-4B04-4046-A7D6-AE2CC56DF806}.Debug|Any CPU.ActiveCfg = Debug|Any CPU
		{96522824-4B04-4046-A7D6-AE2CC56DF806}.Debug|Any CPU.Build.0 = Debug|Any CPU
		{96522824-4B04-4046-A7D6-AE2CC56DF806}.Release|Any CPU.ActiveCfg = Release|Any CPU
		{96522824-4B04-4046-A7D6-AE2CC56DF806}.Release|Any CPU.Build.0 = Release|Any CPU
		{08E32AA8-B59F-4D75-AA7A-8223FD9CBE03}.Debug|Any CPU.ActiveCfg = Debug|Any CPU
		{08E32AA8-B59F-4D75-AA7A-8223FD9CBE03}.Debug|Any CPU.Build.0 = Debug|Any CPU
		{08E32AA8-B59F-4D75-AA7A-8223FD9CBE03}.Release|Any CPU.ActiveCfg = Release|Any CPU
		{08E32AA8-B59F-4D75-AA7A-8223FD9CBE03}.Release|Any CPU.Build.0 = Release|Any CPU
		{4BF466AB-1DC4-4F5A-BA91-707B01C0F9F4}.Debug|Any CPU.ActiveCfg = Debug|Any CPU
		{4BF466AB-1DC4-4F5A-BA91-707B01C0F9F4}.Debug|Any CPU.Build.0 = Debug|Any CPU
		{4BF466AB-1DC4-4F5A-BA91-707B01C0F9F4}.Release|Any CPU.ActiveCfg = Release|Any CPU
		{4BF466AB-1DC4-4F5A-BA91-707B01C0F9F4}.Release|Any CPU.Build.0 = Release|Any CPU
	EndGlobalSection
	GlobalSection(SolutionProperties) = preSolution
		HideSolutionNode = FALSE
	EndGlobalSection
	GlobalSection(ExtensibilityGlobals) = postSolution
		SolutionGuid = {B5D59C62-1BC9-4D05-93D5-486EF44DCF83}
	EndGlobalSection
EndGlobal
